
Microsoft Visual Studio Solution File, Format Version 12.00
Project("{FAE04EC0-301F-11D3-BF4B-00C04F79EFBC}") = "Gateway.API", "Gateway\Gateway.API\Gateway.API.csproj", "{D512ECE5-4BB9-4BF2-B711-45263EE82889}"
EndProject
Project("{FAE04EC0-301F-11D3-BF4B-00C04F79EFBC}") = "Common", "Shared\Common\Common.csproj", "{BB1D1B94-7063-4E25-9F2B-CAA528D4832A}"
EndProject
Project("{2150E333-8FDC-42A3-9474-1A3956D46DE8}") = "Downloader", "Downloader", "{BE077090-4DA7-4220-8639-D0B6A108E232}"
EndProject
Project("{FAE04EC0-301F-11D3-BF4B-00C04F79EFBC}") = "Downloader.API", "Downloader\Downloader.API\Downloader.API.csproj", "{78BC367A-E6DC-4E2F-B824-148D137F78CD}"
EndProject
Project("{FAE04EC0-301F-11D3-BF4B-00C04F79EFBC}") = "Downloader.Common", "Downloader\Downloader.Common\Downloader.Common.csproj", "{29959AC8-4E1A-4965-B242-D441FF92A7B7}"
EndProject
Project("{FAE04EC0-301F-11D3-BF4B-00C04F79EFBC}") = "Downloader.Facade", "Downloader\Downloader.Facade\Downloader.Facade.csproj", "{1F819F36-A849-4934-A8D0-138A5E124D6F}"
EndProject
Project("{2150E333-8FDC-42A3-9474-1A3956D46DE8}") = "Shared", "Shared", "{195A426F-BA28-4746-844A-4B362479F1D9}"
EndProject
Project("{FAE04EC0-301F-11D3-BF4B-00C04F79EFBC}") = "Api.Common", "Shared\Api.Common\Api.Common.csproj", "{06FE7E00-6876-41E7-9DDB-8858608FD770}"
EndProject
Project("{2150E333-8FDC-42A3-9474-1A3956D46DE8}") = "Filter", "Filter", "{52637AB0-875C-4E98-A5F0-EEBFE6F62046}"
EndProject
Project("{FAE04EC0-301F-11D3-BF4B-00C04F79EFBC}") = "Filter.Common", "Filter\Filter.Common\Filter.Common.csproj", "{324C3B49-2EB7-4511-BF60-EC5D84FE1669}"
EndProject
Project("{FAE04EC0-301F-11D3-BF4B-00C04F79EFBC}") = "Filter.Facade", "Filter\Filter.Facade\Filter.Facade.csproj", "{9AC81DE4-38B8-4795-BB27-EBE25B7581EC}"
EndProject
Project("{FAE04EC0-301F-11D3-BF4B-00C04F79EFBC}") = "Filter.API", "Filter\Filter.API\Filter.API.csproj", "{796F0638-C104-49B2-8117-9E1D0C72E028}"
EndProject
Project("{FAE04EC0-301F-11D3-BF4B-00C04F79EFBC}") = "Db.Common", "Shared\Db.Common\Db.Common.csproj", "{B360E949-0DE2-40FD-B7D8-42C02064407E}"
EndProject
Project("{2150E333-8FDC-42A3-9474-1A3956D46DE8}") = "Sender", "Sender", "{781F44D2-EADB-4DEB-83A3-80444C03EF12}"
EndProject
Project("{FAE04EC0-301F-11D3-BF4B-00C04F79EFBC}") = "Sender.Common", "Sender\Sender.Common\Sender.Common.csproj", "{73A442CC-183B-4B3F-88B4-5DFAB9D28A04}"
EndProject
Project("{FAE04EC0-301F-11D3-BF4B-00C04F79EFBC}") = "Sender.API", "Sender\Sender.API\Sender.API.csproj", "{F3FB15DD-A3CB-429A-B460-65A8DFAB142F}"
EndProject
Project("{FAE04EC0-301F-11D3-BF4B-00C04F79EFBC}") = "Sender.Facade", "Sender\Sender.Facade\Sender.Facade.csproj", "{6256D37B-8392-4F00-B07C-459CF8740843}"
EndProject
Project("{2150E333-8FDC-42A3-9474-1A3956D46DE8}") = "Manager", "Manager", "{A1814F34-F398-4476-A61C-EFB4615FB963}"
EndProject
Project("{FAE04EC0-301F-11D3-BF4B-00C04F79EFBC}") = "Manager.Common", "Manager\Manager.Common\Manager.Common.csproj", "{E05E7BEE-02F4-46A0-8B65-4F200735259D}"
EndProject
Project("{FAE04EC0-301F-11D3-BF4B-00C04F79EFBC}") = "Manager.Facade", "Manager\Manager.Facade\Manager.Facade.csproj", "{C4890FC9-9E81-45FD-8FAB-82FB415C517F}"
EndProject
Project("{FAE04EC0-301F-11D3-BF4B-00C04F79EFBC}") = "Manager.API", "Manager\Manager.API\Manager.API.csproj", "{70E67EBA-6B78-4795-B9D5-ACB158CD4B74}"
EndProject
Project("{FAE04EC0-301F-11D3-BF4B-00C04F79EFBC}") = "Front", "Front\Front.csproj", "{51C9D7F2-080F-49F7-B4FD-0DEC2BA95A53}"
EndProject
Project("{2150E333-8FDC-42A3-9474-1A3956D46DE8}") = "Gateway", "Gateway", "{89DAFF73-8AEB-4581-B615-5CE962CF74E3}"
EndProject
Project("{FAE04EC0-301F-11D3-BF4B-00C04F79EFBC}") = "Gateway.Common", "Gateway\Gateway.Common\Gateway.Common.csproj", "{9E3324C6-B8EC-4846-B4FF-8E16B4A0419B}"
EndProject
Project("{FAE04EC0-301F-11D3-BF4B-00C04F79EFBC}") = "Gateway.Facade", "Gateway\Gateway.Facade\Gateway.Facade.csproj", "{FAACEBEE-3B6B-4D74-BC60-27FDE4A0FCA6}"
EndProject
Global
	GlobalSection(SolutionConfigurationPlatforms) = preSolution
		Debug|Any CPU = Debug|Any CPU
		Release|Any CPU = Release|Any CPU
	EndGlobalSection
	GlobalSection(ProjectConfigurationPlatforms) = postSolution
		{D512ECE5-4BB9-4BF2-B711-45263EE82889}.Debug|Any CPU.ActiveCfg = Debug|Any CPU
		{D512ECE5-4BB9-4BF2-B711-45263EE82889}.Debug|Any CPU.Build.0 = Debug|Any CPU
		{D512ECE5-4BB9-4BF2-B711-45263EE82889}.Release|Any CPU.ActiveCfg = Release|Any CPU
		{D512ECE5-4BB9-4BF2-B711-45263EE82889}.Release|Any CPU.Build.0 = Release|Any CPU
		{BB1D1B94-7063-4E25-9F2B-CAA528D4832A}.Debug|Any CPU.ActiveCfg = Debug|Any CPU
		{BB1D1B94-7063-4E25-9F2B-CAA528D4832A}.Debug|Any CPU.Build.0 = Debug|Any CPU
		{BB1D1B94-7063-4E25-9F2B-CAA528D4832A}.Release|Any CPU.ActiveCfg = Release|Any CPU
		{BB1D1B94-7063-4E25-9F2B-CAA528D4832A}.Release|Any CPU.Build.0 = Release|Any CPU
		{78BC367A-E6DC-4E2F-B824-148D137F78CD}.Debug|Any CPU.ActiveCfg = Debug|Any CPU
		{78BC367A-E6DC-4E2F-B824-148D137F78CD}.Debug|Any CPU.Build.0 = Debug|Any CPU
		{78BC367A-E6DC-4E2F-B824-148D137F78CD}.Release|Any CPU.ActiveCfg = Release|Any CPU
		{78BC367A-E6DC-4E2F-B824-148D137F78CD}.Release|Any CPU.Build.0 = Release|Any CPU
		{29959AC8-4E1A-4965-B242-D441FF92A7B7}.Debug|Any CPU.ActiveCfg = Debug|Any CPU
		{29959AC8-4E1A-4965-B242-D441FF92A7B7}.Debug|Any CPU.Build.0 = Debug|Any CPU
		{29959AC8-4E1A-4965-B242-D441FF92A7B7}.Release|Any CPU.ActiveCfg = Release|Any CPU
		{29959AC8-4E1A-4965-B242-D441FF92A7B7}.Release|Any CPU.Build.0 = Release|Any CPU
		{1F819F36-A849-4934-A8D0-138A5E124D6F}.Debug|Any CPU.ActiveCfg = Debug|Any CPU
		{1F819F36-A849-4934-A8D0-138A5E124D6F}.Debug|Any CPU.Build.0 = Debug|Any CPU
		{1F819F36-A849-4934-A8D0-138A5E124D6F}.Release|Any CPU.ActiveCfg = Release|Any CPU
		{1F819F36-A849-4934-A8D0-138A5E124D6F}.Release|Any CPU.Build.0 = Release|Any CPU
		{06FE7E00-6876-41E7-9DDB-8858608FD770}.Debug|Any CPU.ActiveCfg = Debug|Any CPU
		{06FE7E00-6876-41E7-9DDB-8858608FD770}.Debug|Any CPU.Build.0 = Debug|Any CPU
		{06FE7E00-6876-41E7-9DDB-8858608FD770}.Release|Any CPU.ActiveCfg = Release|Any CPU
		{06FE7E00-6876-41E7-9DDB-8858608FD770}.Release|Any CPU.Build.0 = Release|Any CPU
		{324C3B49-2EB7-4511-BF60-EC5D84FE1669}.Debug|Any CPU.ActiveCfg = Debug|Any CPU
		{324C3B49-2EB7-4511-BF60-EC5D84FE1669}.Debug|Any CPU.Build.0 = Debug|Any CPU
		{324C3B49-2EB7-4511-BF60-EC5D84FE1669}.Release|Any CPU.ActiveCfg = Release|Any CPU
		{324C3B49-2EB7-4511-BF60-EC5D84FE1669}.Release|Any CPU.Build.0 = Release|Any CPU
		{9AC81DE4-38B8-4795-BB27-EBE25B7581EC}.Debug|Any CPU.ActiveCfg = Debug|Any CPU
		{9AC81DE4-38B8-4795-BB27-EBE25B7581EC}.Debug|Any CPU.Build.0 = Debug|Any CPU
		{9AC81DE4-38B8-4795-BB27-EBE25B7581EC}.Release|Any CPU.ActiveCfg = Release|Any CPU
		{9AC81DE4-38B8-4795-BB27-EBE25B7581EC}.Release|Any CPU.Build.0 = Release|Any CPU
		{796F0638-C104-49B2-8117-9E1D0C72E028}.Debug|Any CPU.ActiveCfg = Debug|Any CPU
		{796F0638-C104-49B2-8117-9E1D0C72E028}.Debug|Any CPU.Build.0 = Debug|Any CPU
		{796F0638-C104-49B2-8117-9E1D0C72E028}.Release|Any CPU.ActiveCfg = Release|Any CPU
		{796F0638-C104-49B2-8117-9E1D0C72E028}.Release|Any CPU.Build.0 = Release|Any CPU
		{B360E949-0DE2-40FD-B7D8-42C02064407E}.Debug|Any CPU.ActiveCfg = Debug|Any CPU
		{B360E949-0DE2-40FD-B7D8-42C02064407E}.Debug|Any CPU.Build.0 = Debug|Any CPU
		{B360E949-0DE2-40FD-B7D8-42C02064407E}.Release|Any CPU.ActiveCfg = Release|Any CPU
		{B360E949-0DE2-40FD-B7D8-42C02064407E}.Release|Any CPU.Build.0 = Release|Any CPU
		{73A442CC-183B-4B3F-88B4-5DFAB9D28A04}.Debug|Any CPU.ActiveCfg = Debug|Any CPU
		{73A442CC-183B-4B3F-88B4-5DFAB9D28A04}.Debug|Any CPU.Build.0 = Debug|Any CPU
		{73A442CC-183B-4B3F-88B4-5DFAB9D28A04}.Release|Any CPU.ActiveCfg = Release|Any CPU
		{73A442CC-183B-4B3F-88B4-5DFAB9D28A04}.Release|Any CPU.Build.0 = Release|Any CPU
		{F3FB15DD-A3CB-429A-B460-65A8DFAB142F}.Debug|Any CPU.ActiveCfg = Debug|Any CPU
		{F3FB15DD-A3CB-429A-B460-65A8DFAB142F}.Debug|Any CPU.Build.0 = Debug|Any CPU
		{F3FB15DD-A3CB-429A-B460-65A8DFAB142F}.Release|Any CPU.ActiveCfg = Release|Any CPU
		{F3FB15DD-A3CB-429A-B460-65A8DFAB142F}.Release|Any CPU.Build.0 = Release|Any CPU
		{6256D37B-8392-4F00-B07C-459CF8740843}.Debug|Any CPU.ActiveCfg = Debug|Any CPU
		{6256D37B-8392-4F00-B07C-459CF8740843}.Debug|Any CPU.Build.0 = Debug|Any CPU
		{6256D37B-8392-4F00-B07C-459CF8740843}.Release|Any CPU.ActiveCfg = Release|Any CPU
		{6256D37B-8392-4F00-B07C-459CF8740843}.Release|Any CPU.Build.0 = Release|Any CPU
		{E05E7BEE-02F4-46A0-8B65-4F200735259D}.Debug|Any CPU.ActiveCfg = Debug|Any CPU
		{E05E7BEE-02F4-46A0-8B65-4F200735259D}.Debug|Any CPU.Build.0 = Debug|Any CPU
		{E05E7BEE-02F4-46A0-8B65-4F200735259D}.Release|Any CPU.ActiveCfg = Release|Any CPU
		{E05E7BEE-02F4-46A0-8B65-4F200735259D}.Release|Any CPU.Build.0 = Release|Any CPU
		{C4890FC9-9E81-45FD-8FAB-82FB415C517F}.Debug|Any CPU.ActiveCfg = Debug|Any CPU
		{C4890FC9-9E81-45FD-8FAB-82FB415C517F}.Debug|Any CPU.Build.0 = Debug|Any CPU
		{C4890FC9-9E81-45FD-8FAB-82FB415C517F}.Release|Any CPU.ActiveCfg = Release|Any CPU
		{C4890FC9-9E81-45FD-8FAB-82FB415C517F}.Release|Any CPU.Build.0 = Release|Any CPU
		{70E67EBA-6B78-4795-B9D5-ACB158CD4B74}.Debug|Any CPU.ActiveCfg = Debug|Any CPU
		{70E67EBA-6B78-4795-B9D5-ACB158CD4B74}.Debug|Any CPU.Build.0 = Debug|Any CPU
		{70E67EBA-6B78-4795-B9D5-ACB158CD4B74}.Release|Any CPU.ActiveCfg = Release|Any CPU
		{70E67EBA-6B78-4795-B9D5-ACB158CD4B74}.Release|Any CPU.Build.0 = Release|Any CPU
		{51C9D7F2-080F-49F7-B4FD-0DEC2BA95A53}.Debug|Any CPU.ActiveCfg = Debug|Any CPU
		{51C9D7F2-080F-49F7-B4FD-0DEC2BA95A53}.Debug|Any CPU.Build.0 = Debug|Any CPU
		{51C9D7F2-080F-49F7-B4FD-0DEC2BA95A53}.Release|Any CPU.ActiveCfg = Release|Any CPU
		{51C9D7F2-080F-49F7-B4FD-0DEC2BA95A53}.Release|Any CPU.Build.0 = Release|Any CPU
		{9E3324C6-B8EC-4846-B4FF-8E16B4A0419B}.Debug|Any CPU.ActiveCfg = Debug|Any CPU
		{9E3324C6-B8EC-4846-B4FF-8E16B4A0419B}.Debug|Any CPU.Build.0 = Debug|Any CPU
		{9E3324C6-B8EC-4846-B4FF-8E16B4A0419B}.Release|Any CPU.ActiveCfg = Release|Any CPU
		{9E3324C6-B8EC-4846-B4FF-8E16B4A0419B}.Release|Any CPU.Build.0 = Release|Any CPU
		{FAACEBEE-3B6B-4D74-BC60-27FDE4A0FCA6}.Debug|Any CPU.ActiveCfg = Debug|Any CPU
		{FAACEBEE-3B6B-4D74-BC60-27FDE4A0FCA6}.Debug|Any CPU.Build.0 = Debug|Any CPU
		{FAACEBEE-3B6B-4D74-BC60-27FDE4A0FCA6}.Release|Any CPU.ActiveCfg = Release|Any CPU
		{FAACEBEE-3B6B-4D74-BC60-27FDE4A0FCA6}.Release|Any CPU.Build.0 = Release|Any CPU
	EndGlobalSection
	GlobalSection(NestedProjects) = preSolution
		{78BC367A-E6DC-4E2F-B824-148D137F78CD} = {BE077090-4DA7-4220-8639-D0B6A108E232}
		{29959AC8-4E1A-4965-B242-D441FF92A7B7} = {BE077090-4DA7-4220-8639-D0B6A108E232}
		{1F819F36-A849-4934-A8D0-138A5E124D6F} = {BE077090-4DA7-4220-8639-D0B6A108E232}
		{BB1D1B94-7063-4E25-9F2B-CAA528D4832A} = {195A426F-BA28-4746-844A-4B362479F1D9}
		{06FE7E00-6876-41E7-9DDB-8858608FD770} = {195A426F-BA28-4746-844A-4B362479F1D9}
		{324C3B49-2EB7-4511-BF60-EC5D84FE1669} = {52637AB0-875C-4E98-A5F0-EEBFE6F62046}
		{9AC81DE4-38B8-4795-BB27-EBE25B7581EC} = {52637AB0-875C-4E98-A5F0-EEBFE6F62046}
		{796F0638-C104-49B2-8117-9E1D0C72E028} = {52637AB0-875C-4E98-A5F0-EEBFE6F62046}
		{B360E949-0DE2-40FD-B7D8-42C02064407E} = {195A426F-BA28-4746-844A-4B362479F1D9}
		{73A442CC-183B-4B3F-88B4-5DFAB9D28A04} = {781F44D2-EADB-4DEB-83A3-80444C03EF12}
		{F3FB15DD-A3CB-429A-B460-65A8DFAB142F} = {781F44D2-EADB-4DEB-83A3-80444C03EF12}
		{6256D37B-8392-4F00-B07C-459CF8740843} = {781F44D2-EADB-4DEB-83A3-80444C03EF12}
		{E05E7BEE-02F4-46A0-8B65-4F200735259D} = {A1814F34-F398-4476-A61C-EFB4615FB963}
		{C4890FC9-9E81-45FD-8FAB-82FB415C517F} = {A1814F34-F398-4476-A61C-EFB4615FB963}
		{70E67EBA-6B78-4795-B9D5-ACB158CD4B74} = {A1814F34-F398-4476-A61C-EFB4615FB963}
		{D512ECE5-4BB9-4BF2-B711-45263EE82889} = {89DAFF73-8AEB-4581-B615-5CE962CF74E3}
		{9E3324C6-B8EC-4846-B4FF-8E16B4A0419B} = {89DAFF73-8AEB-4581-B615-5CE962CF74E3}
		{FAACEBEE-3B6B-4D74-BC60-27FDE4A0FCA6} = {89DAFF73-8AEB-4581-B615-5CE962CF74E3}
	EndGlobalSection
EndGlobal
